// !$*UTF8*$!
{
	archiveVersion = 1;
	classes = {
	};
	objectVersion = 46;
	objects = {

/* Begin PBXBuildFile section */
		A7E861541DD6BB0B00016C7E /* AppDelegate.swift in Sources */ = {isa = PBXBuildFile; fileRef = A7E861531DD6BB0B00016C7E /* AppDelegate.swift */; };
		A7E861561DD6BB0B00016C7E /* ViewController.swift in Sources */ = {isa = PBXBuildFile; fileRef = A7E861551DD6BB0B00016C7E /* ViewController.swift */; };
		A7E861591DD6BB0B00016C7E /* Main.storyboard in Resources */ = {isa = PBXBuildFile; fileRef = A7E861571DD6BB0B00016C7E /* Main.storyboard */; };
		A7E8615B1DD6BB0B00016C7E /* Assets.xcassets in Resources */ = {isa = PBXBuildFile; fileRef = A7E8615A1DD6BB0B00016C7E /* Assets.xcassets */; };
		A7E8615E1DD6BB0B00016C7E /* LaunchScreen.storyboard in Resources */ = {isa = PBXBuildFile; fileRef = A7E8615C1DD6BB0B00016C7E /* LaunchScreen.storyboard */; };
/* End PBXBuildFile section */

/* Begin PBXFileReference section */
		A7E861501DD6BB0B00016C7E /* Hello Git.app */ = {isa = PBXFileReference; explicitFileType = wrapper.application; includeInIndex = 0; path = "Hello Git.app"; sourceTree = BUILT_PRODUCTS_DIR; };
		A7E861531DD6BB0B00016C7E /* AppDelegate.swift */ = {isa = PBXFileReference; lastKnownFileType = sourcecode.swift; path = AppDelegate.swift; sourceTree = "<group>"; };
		A7E861551DD6BB0B00016C7E /* ViewController.swift */ = {isa = PBXFileReference; lastKnownFileType = sourcecode.swift; path = ViewController.swift; sourceTree = "<group>"; };
		A7E861581DD6BB0B00016C7E /* Base */ = {isa = PBXFileReference; lastKnownFileType = file.storyboard; name = Base; path = Base.lproj/Main.storyboard; sourceTree = "<group>"; };
		A7E8615A1DD6BB0B00016C7E /* Assets.xcassets */ = {isa = PBXFileReference; lastKnownFileType = folder.assetcatalog; path = Assets.xcassets; sourceTree = "<group>"; };
		A7E8615D1DD6BB0B00016C7E /* Base */ = {isa = PBXFileReference; lastKnownFileType = file.storyboard; name = Base; path = Base.lproj/LaunchScreen.storyboard; sourceTree = "<group>"; };
		A7E8615F1DD6BB0B00016C7E /* Info.plist */ = {isa = PBXFileReference; lastKnownFileType = text.plist.xml; path = Info.plist; sourceTree = "<group>"; };
/* End PBXFileReference section */

/* Begin PBXFrameworksBuildPhase section */
		A7E8614D1DD6BB0B00016C7E /* Frameworks */ = {
			isa = PBXFrameworksBuildPhase;
			buildActionMask = 2147483647;
			files = (
			);
			runOnlyForDeploymentPostprocessing = 0;
		};
/* End PBXFrameworksBuildPhase section */

/* Begin PBXGroup section */
		A7E861471DD6BB0B00016C7E = {
			isa = PBXGroup;
			children = (
				A7E861521DD6BB0B00016C7E /* Hello Git */,
				A7E861511DD6BB0B00016C7E /* Products */,
			);
			sourceTree = "<group>";
		};
		A7E861511DD6BB0B00016C7E /* Products */ = {
			isa = PBXGroup;
			children = (
				A7E861501DD6BB0B00016C7E /* Hello Git.app */,
			);
			name = Products;
			sourceTree = "<group>";
		};
		A7E861521DD6BB0B00016C7E /* Hello Git */ = {
			isa = PBXGroup;
			children = (
				A7E861531DD6BB0B00016C7E /* AppDelegate.swift */,
				A7E861551DD6BB0B00016C7E /* ViewController.swift */,
				A7E861571DD6BB0B00016C7E /* Main.storyboard */,
				A7E8615A1DD6BB0B00016C7E /* Assets.xcassets */,
				A7E8615C1DD6BB0B00016C7E /* LaunchScreen.storyboard */,
				A7E8615F1DD6BB0B00016C7E /* Info.plist */,
			);
			path = "Hello Git";
			sourceTree = "<group>";
		};
/* End PBXGroup section */

/* Begin PBXNativeTarget section */
		A7E8614F1DD6BB0B00016C7E /* Hello Git */ = {
			isa = PBXNativeTarget;
			buildConfigurationList = A7E861621DD6BB0B00016C7E /* Build configuration list for PBXNativeTarget "Hello Git" */;
			buildPhases = (
				A7E8614C1DD6BB0B00016C7E /* Sources */,
				A7E8614D1DD6BB0B00016C7E /* Frameworks */,
				A7E8614E1DD6BB0B00016C7E /* Resources */,
			);
			buildRules = (
			);
			dependencies = (
			);
			name = "Hello Git";
			productName = "Hello Git";
			productReference = A7E861501DD6BB0B00016C7E /* Hello Git.app */;
			productType = "com.apple.product-type.application";
		};
/* End PBXNativeTarget section */

/* Begin PBXProject section */
		A7E861481DD6BB0B00016C7E /* Project object */ = {
			isa = PBXProject;
			attributes = {
				LastSwiftUpdateCheck = 0720;
				LastUpgradeCheck = 0720;
				ORGANIZATIONNAME = qianfeng1;
				TargetAttributes = {
					A7E8614F1DD6BB0B00016C7E = {
						CreatedOnToolsVersion = 7.2;
					};
				};
			};
			buildConfigurationList = A7E8614B1DD6BB0B00016C7E /* Build configuration list for PBXProject "Hello Git" */;
			compatibilityVersion = "Xcode 3.2";
			developmentRegion = English;
			hasScannedForEncodings = 0;
			knownRegions = (
				en,
				Base,
			);
			mainGroup = A7E861471DD6BB0B00016C7E;
			productRefGroup = A7E861511DD6BB0B00016C7E /* Products */;
			projectDirPath = "";
			projectRoot = "";
			targets = (
				A7E8614F1DD6BB0B00016C7E /* Hello Git */,
			);
		};
/* End PBXProject section */

/* Begin PBXResourcesBuildPhase section */
		A7E8614E1DD6BB0B00016C7E /* Resources */ = {
			isa = PBXResourcesBuildPhase;
			buildActionMask = 2147483647;
			files = (
				A7E8615E1DD6BB0B00016C7E /* LaunchScreen.storyboard in Resources */,
				A7E8615B1DD6BB0B00016C7E /* Assets.xcassets in Resources */,
				A7E861591DD6BB0B00016C7E /* Main.storyboard in Resources */,
			);
			runOnlyForDeploymentPostprocessing = 0;
		};
/* End PBXResourcesBuildPhase section */

/* Begin PBXSourcesBuildPhase section */
		A7E8614C1DD6BB0B00016C7E /* Sources */ = {
			isa = PBXSourcesBuildPhase;
			buildActionMask = 2147483647;
			files = (
				A7E861561DD6BB0B00016C7E /* ViewController.swift in Sources */,
				A7E861541DD6BB0B00016C7E /* AppDelegate.swift in Sources */,
			);
			runOnlyForDeploymentPostprocessing = 0;
		};
/* End PBXSourcesBuildPhase section */

/* Begin PBXVariantGroup section */
		A7E861571DD6BB0B00016C7E /* Main.storyboard */ = {
			isa = PBXVariantGroup;
			children = (
				A7E861581DD6BB0B00016C7E /* Base */,
			);
			name = Main.storyboard;
			sourceTree = "<group>";
		};
		A7E8615C1DD6BB0B00016C7E /* LaunchScreen.storyboard */ = {
			isa = PBXVariantGroup;
			children = (
				A7E8615D1DD6BB0B00016C7E /* Base */,
			);
			name = LaunchScreen.storyboard;
			sourceTree = "<group>";
		};
/* End PBXVariantGroup section */

/* Begin XCBuildConfiguration section */
		A7E861601DD6BB0B00016C7E /* Debug */ = {
			isa = XCBuildConfiguration;
			buildSettings = {
				ALWAYS_SEARCH_USER_PATHS = NO;
				CLANG_CXX_LANGUAGE_STANDARD = "gnu++0x";
				CLANG_CXX_LIBRARY = "libc++";
				CLANG_ENABLE_MODULES = YES;
				CLANG_ENABLE_OBJC_ARC = YES;
				CLANG_WARN_BOOL_CONVERSION = YES;
				CLANG_WARN_CONSTANT_CONVERSION = YES;
				CLANG_WARN_DIRECT_OBJC_ISA_USAGE = YES_ERROR;
				CLANG_WARN_EMPTY_BODY = YES;
				CLANG_WARN_ENUM_CONVERSION = YES;
				CLANG_WARN_INT_CONVERSION = YES;
				CLANG_WARN_OBJC_ROOT_CLASS = YES_ERROR;
				CLANG_WARN_UNREACHABLE_CODE = YES;
				CLANG_WARN__DUPLICATE_METHOD_MATCH = YES;
				"CODE_SIGN_IDENTITY[sdk=iphoneos*]" = "iPhone Developer";
				COPY_PHASE_STRIP = NO;
				DEBUG_INFORMATION_FORMAT = dwarf;
				ENABLE_STRICT_OBJC_MSGSEND = YES;
				ENABLE_TESTABILITY = YES;
				GCC_C_LANGUAGE_STANDARD = gnu99;
				GCC_DYNAMIC_NO_PIC = NO;
				GCC_NO_COMMON_BLOCKS = YES;
				GCC_OPTIMIZATION_LEVEL = 0;
				GCC_PREPROCESSOR_DEFINITIONS = (
					"DEBUG=1",
					"$(inherited)",
				);
				GCC_WARN_64_TO_32_BIT_CONVERSION = YES;
				GCC_WARN_ABOUT_RETURN_TYPE = YES_ERROR;
				GCC_WARN_UNDECLARED_SELECTOR = YES;
				GCC_WARN_UNINITIALIZED_AUTOS = YES_AGGRESSIVE;
				GCC_WARN_UNUSED_FUNCTION = YES;
				GCC_WARN_UNUSED_VARIABLE = YES;
				IPHONEOS_DEPLOYMENT_TARGET = 9.2;
				MTL_ENABLE_DEBUG_INFO = YES;
				ONLY_ACTIVE_ARCH = YES;
				SDKROOT = iphoneos;
				SWIFT_OPTIMIZATION_LEVEL = "-Onone";
				TARGETED_DEVICE_FAMILY = "1,2";
			};
			name = Debug;
		};
		A7E861611DD6BB0B00016C7E /* Release */ = {
			isa = XCBuildConfiguration;
			buildSettings = {
				ALWAYS_SEARCH_USER_PATHS = NO;
				CLANG_CXX_LANGUAGE_STANDARD = "gnu++0x";
				CLANG_CXX_LIBRARY = "libc++";
				CLANG_ENABLE_MODULES = YES;
				CLANG_ENABLE_OBJC_ARC = YES;
				CLANG_WARN_BOOL_CONVERSION = YES;
				CLANG_WARN_CONSTANT_CONVERSION = YES;
				CLANG_WARN_DIRECT_OBJC_ISA_USAGE = YES_ERROR;
				CLANG_WARN_EMPTY_BODY = YES;
				CLANG_WARN_ENUM_CONVERSION = YES;
				CLANG_WARN_INT_CONVERSION = YES;
				CLANG_WARN_OBJC_ROOT_CLASS = YES_ERROR;
				CLANG_WARN_UNREACHABLE_CODE = YES;
				CLANG_WARN__DUPLICATE_METHOD_MATCH = YES;
				"CODE_SIGN_IDENTITY[sdk=iphoneos*]" = "iPhone Developer";
				COPY_PHASE_STRIP = NO;
				DEBUG_INFORMATION_FORMAT = "dwarf-with-dsym";
				ENABLE_NS_ASSERTIONS = NO;
				ENABLE_STRICT_OBJC_MSGSEND = YES;
				GCC_C_LANGUAGE_STANDARD = gnu99;
				GCC_NO_COMMON_BLOCKS = YES;
				GCC_WARN_64_TO_32_BIT_CONVERSION = YES;
				GCC_WARN_ABOUT_RETURN_TYPE = YES_ERROR;
				GCC_WARN_UNDECLARED_SELECTOR = YES;
				GCC_WARN_UNINITIALIZED_AUTOS = YES_AGGRESSIVE;
				GCC_WARN_UNUSED_FUNCTION = YES;
				GCC_WARN_UNUSED_VARIABLE = YES;
				IPHONEOS_DEPLOYMENT_TARGET = 9.2;
				MTL_ENABLE_DEBUG_INFO = NO;
				SDKROOT = iphoneos;
				TARGETED_DEVICE_FAMILY = "1,2";
				VALIDATE_PRODUCT = YES;
			};
			name = Release;
		};
		A7E861631DD6BB0B00016C7E /* Debug */ = {
			isa = XCBuildConfiguration;
			buildSettings = {
				ASSETCATALOG_COMPILER_APPICON_NAME = AppIcon;
				INFOPLIST_FILE = "Hello Git/Info.plist";
				LD_RUNPATH_SEARCH_PATHS = "$(inherited) @executable_path/Frameworks";
				PRODUCT_BUNDLE_IDENTIFIER = "com.qianfeng.Hello-Git";
				PRODUCT_NAME = "$(TARGET_NAME)";
			};
			name = Debug;
		};
		A7E861641DD6BB0B00016C7E /* Release */ = {
			isa = XCBuildConfiguration;
			buildSettings = {
				ASSETCATALOG_COMPILER_APPICON_NAME = AppIcon;
				INFOPLIST_FILE = "Hello Git/Info.plist";
				LD_RUNPATH_SEARCH_PATHS = "$(inherited) @executable_path/Frameworks";
				PRODUCT_BUNDLE_IDENTIFIER = "com.qianfeng.Hello-Git";
				PRODUCT_NAME = "$(TARGET_NAME)";
			};
			name = Release;
		};
/* End XCBuildConfiguration section */

/* Begin XCConfigurationList section */
		A7E8614B1DD6BB0B00016C7E /* Build configuration list for PBXProject "Hello Git" */ = {
			isa = XCConfigurationList;
			buildConfigurations = (
				A7E861601DD6BB0B00016C7E /* Debug */,
				A7E861611DD6BB0B00016C7E /* Release */,
			);
			defaultConfigurationIsVisible = 0;
			defaultConfigurationName = Release;
		};
		A7E861621DD6BB0B00016C7E /* Build configuration list for PBXNativeTarget "Hello Git" */ = {
			isa = XCConfigurationList;
			buildConfigurations = (
				A7E861631DD6BB0B00016C7E /* Debug */,
				A7E861641DD6BB0B00016C7E /* Release */,
			);
			defaultConfigurationIsVisible = 0;
		};
/* End XCConfigurationList section */
	};
	rootObject = A7E861481DD6BB0B00016C7E /* Project object */;
}
